
Microsoft Visual Studio Solution File, Format Version 12.00
# Visual Studio 16
Project("{FAE04EC0-301F-11D3-BF4B-00C04F79EFBC}") = "Assembly-CSharp", "Assembly-CSharp.csproj", "{BCF3223B-2CDD-41DA-9B3C-343B33A92F15}"
EndProject
Global
	GlobalSection(SolutionConfigurationPlatforms) = preSolution
		Debug|Any CPU = Debug|Any CPU
		Release|Any CPU = Release|Any CPU
	EndGlobalSection
	GlobalSection(ProjectConfigurationPlatforms) = postSolution
		{BCF3223B-2CDD-41DA-9B3C-343B33A92F15}.Debug|Any CPU.ActiveCfg = Debug|Any CPU
		{BCF3223B-2CDD-41DA-9B3C-343B33A92F15}.Debug|Any CPU.Build.0 = Debug|Any CPU
		{BCF3223B-2CDD-41DA-9B3C-343B33A92F15}.Release|Any CPU.ActiveCfg = Release|Any CPU
		{BCF3223B-2CDD-41DA-9B3C-343B33A92F15}.Release|Any CPU.Build.0 = Release|Any CPU
	EndGlobalSection
	GlobalSection(SolutionProperties) = preSolution
		HideSolutionNode = FALSE
	EndGlobalSection
EndGlobal
